# This file is autogenerated, do not edit; changes may be undone by the next 'dep ensure'.


[[projects]]
  name = "code.cloudfoundry.org/lager"
  packages = [
    ".",
    "lagerctx",
    "lagertest"
  ]
  revision = "b152b7147a2a0154109a5194fcc7f4a933283abb"
  version = "v2.0.0"

[[projects]]
  name = "github.com/cloudfoundry/dropsonde"
  packages = [
    "emitter/fake",
    "metric_sender",
    "metrics"
  ]
  revision = "fe07f64fd1fd25f3c920e9183edd71de6895f1d8"
  version = "v1.0.0"

[[projects]]
  branch = "master"
  name = "github.com/cloudfoundry/sonde-go"
  packages = ["events"]
  revision = "b33733203bb48d7c56de7cb639d77f78b0449d19"

[[projects]]
  name = "github.com/go-sql-driver/mysql"
  packages = ["."]
  revision = "d523deb1b23d913de5bdada721a6071e71283618"
  version = "v1.4.0"

[[projects]]
  name = "github.com/gogo/protobuf"
  packages = [
    "gogoproto",
    "proto",
    "protoc-gen-gogo/descriptor"
  ]
  revision = "636bf0302bc95575d69441b25a2603156ffdddf1"
  version = "v1.1.1"

[[projects]]
  branch = "master"
  name = "github.com/hpcloud/tail"
  packages = [
    ".",
    "ratelimiter",
    "util",
    "watch",
    "winfile"
  ]
  revision = "a1dbeea552b7c8df4b542c66073e393de198a800"

[[projects]]
  name = "github.com/jmoiron/sqlx"
  packages = [
    ".",
    "reflectx"
  ]
  revision = "d161d7a76b5661016ad0b085869f77fd410f3e6a"
  version = "v1.2.0"

[[projects]]
  name = "github.com/lib/pq"
  packages = [
    ".",
    "oid"
  ]
  revision = "4ded0e9383f75c197b3a2aaa6d590ac52df6fd79"
  version = "v1.0.0"

[[projects]]
  branch = "master"
  name = "github.com/mailru/easyjson"
  packages = [
    ".",
    "buffer",
    "jlexer",
    "jwriter"
  ]
  revision = "60711f1a8329503b04e1c88535f419d0bb440bff"

[[projects]]
  branch = "master"
  name = "github.com/nu7hatch/gouuid"
  packages = ["."]
  revision = "179d4d0c4d8d407a32af483c2354df1d2c91e6c3"

[[projects]]
  name = "github.com/onsi/ginkgo"
  packages = [
    ".",
    "config",
    "extensions/table",
    "internal/codelocation",
    "internal/containernode",
    "internal/failer",
    "internal/leafnodes",
    "internal/remote",
    "internal/spec",
    "internal/spec_iterator",
    "internal/specrunner",
    "internal/suite",
    "internal/testingtproxy",
    "internal/writer",
    "reporters",
    "reporters/stenographer",
    "reporters/stenographer/support/go-colorable",
    "reporters/stenographer/support/go-isatty",
    "types"
  ]
  revision = "3774a09d95489ccaa16032e0770d08ea77ba6184"
  version = "v1.6.0"

[[projects]]
  name = "github.com/onsi/gomega"
  packages = [
    ".",
    "format",
    "gbytes",
    "gexec",
    "internal/assertion",
    "internal/asyncassertion",
    "internal/oraclematcher",
    "internal/testingtsupport",
    "matchers",
    "matchers/support/goraph/bipartitegraph",
    "matchers/support/goraph/edge",
    "matchers/support/goraph/node",
    "matchers/support/goraph/util",
    "types"
  ]
  revision = "7615b9433f86a8bdf29709bf288bc4fd0636a369"
  version = "v1.4.2"

[[projects]]
  name = "github.com/pkg/errors"
  packages = ["."]
  revision = "645ef00459ed84a119197bfb8d8205042c6df63d"
  version = "v0.8.0"

[[projects]]
  name = "github.com/square/certstrap"
  packages = [
    "depot",
    "pkix"
  ]
  revision = "fa1359e6e510efcf9cd67bc0edbe43d7300a7833"
  version = "v1.1.1"

[[projects]]
  branch = "master"
  name = "github.com/tedsuo/ifrit"
  packages = [
    ".",
    "grouper",
    "http_server",
    "sigmon"
  ]
  revision = "bea94bb476ccecfbd31b12ed493a971bdb8c904b"

[[projects]]
  branch = "master"
  name = "golang.org/x/net"
  packages = [
    "html",
    "html/atom",
    "html/charset"
  ]
  revision = "e11730110bbd884bbf19550bfafe9d69519ce29e"

[[projects]]
  branch = "master"
  name = "golang.org/x/sys"
  packages = ["unix"]
  revision = "9b800f95dbbc54abff0acf7ee32d88ba4e328c89"

[[projects]]
  name = "golang.org/x/text"
  packages = [
    "encoding",
    "encoding/charmap",
    "encoding/htmlindex",
    "encoding/internal",
    "encoding/internal/identifier",
    "encoding/japanese",
    "encoding/korean",
    "encoding/simplifiedchinese",
    "encoding/traditionalchinese",
    "encoding/unicode",
    "internal/gen",
    "internal/tag",
    "internal/utf8internal",
    "language",
    "runes",
    "transform",
    "unicode/cldr"
  ]
  revision = "f21a4dfb5e38f5895301dc265a8def02365cc3d0"
  version = "v0.3.0"

[[projects]]
  name = "google.golang.org/appengine"
  packages = ["cloudsql"]
  revision = "4a4468ece617fc8205e99368fa2200e9d1fad421"
  version = "v1.3.0"

[[projects]]
  name = "gopkg.in/fsnotify/fsnotify.v1"
  packages = ["."]
  revision = "c2828203cd70a50dcccfb2761f8b1f8ceef9a8e9"
  version = "v1.4.7"

[[projects]]
  name = "gopkg.in/tomb.v1"
  packages = ["."]
  revision = "c131134a1947e9afd9cecfe11f4c6dff0732ae58"

[[projects]]
  name = "gopkg.in/yaml.v2"
  packages = ["."]
  revision = "5420a8b6744d3b0345ab293f6fcba19c978f1183"
  version = "v2.2.1"

[solve-meta]
  analyzer-name = "dep"
  analyzer-version = 1
  inputs-digest = "d1be57304243a03e03b3ce5b7068b01686aa4fc8189aa589f21ddd139376e1af"
  solver-name = "gps-cdcl"
  solver-version = 1
